
Microsoft Visual Studio Solution File, Format Version 12.00
# Visual Studio 15
VisualStudioVersion = 15.0.27130.2027
MinimumVisualStudioVersion = 10.0.40219.1
Project("{2150E333-8FDC-42A3-9474-1A3956D46DE8}") = "Libraries", "Libraries", "{A0BE66DC-E7B7-4CA3-BE79-1949E5867200}"
EndProject
Project("{2150E333-8FDC-42A3-9474-1A3956D46DE8}") = "Plugins", "Plugins", "{2609E9B7-5D5D-4672-B8D9-38A6663CFCBB}"
EndProject
Project("{2150E333-8FDC-42A3-9474-1A3956D46DE8}") = "Presentation", "Presentation", "{DACE7460-F6EE-44D8-BDE1-F516C13FC6BB}"
EndProject
Project("{9A19103F-16F7-4668-BE54-9A1E7A4F7556}") = "Hku.Core", "Hku.Core\Hku.Core.csproj", "{2184B152-37D5-4EA8-A839-639BF2F509E0}"
EndProject
Project("{9A19103F-16F7-4668-BE54-9A1E7A4F7556}") = "Hku.Data", "Hku.Data\Hku.Data.csproj", "{F8920AAB-D3FF-4948-A03F-A52DC2C3BD61}"
EndProject
Project("{9A19103F-16F7-4668-BE54-9A1E7A4F7556}") = "Hku.Dto", "Hku.Dto\Hku.Dto.csproj", "{B6D0F6FA-6C82-4142-8017-8792737CFFD5}"
EndProject
Project("{9A19103F-16F7-4668-BE54-9A1E7A4F7556}") = "Hku.IoC", "Hku.IoC\Hku.IoC.csproj", "{12692887-966D-49E1-A80B-A5ABA676440C}"
EndProject
Project("{9A19103F-16F7-4668-BE54-9A1E7A4F7556}") = "Hku.Service", "Hku.Service\Hku.Service.csproj", "{2D672985-871B-4401-8C80-3D30CDDB0378}"
EndProject
Project("{9A19103F-16F7-4668-BE54-9A1E7A4F7556}") = "Hku.Utilities", "Hku.Utilities\Hku.Utilities.csproj", "{67624A4C-4F10-427C-8F51-814137D37218}"
EndProject
Project("{FAE04EC0-301F-11D3-BF4B-00C04F79EFBC}") = "Hku.Web", "Hku.Web\Hku.Web.csproj", "{FCCC71C0-6329-4932-A26F-AA156BC0439C}"
EndProject
Project("{FAE04EC0-301F-11D3-BF4B-00C04F79EFBC}") = "Hku.WebApi", "Hku.WebApi\Hku.WebApi.csproj", "{EB000B0F-F642-42B2-801E-27A5866E75FF}"
EndProject
Project("{FAE04EC0-301F-11D3-BF4B-00C04F79EFBC}") = "Hku.Web.Framework", "Hku.Web.Framework\Hku.Web.Framework.csproj", "{EE46E9E5-F206-484A-AEA2-6B5C4CC67555}"
EndProject
Global
	GlobalSection(SolutionConfigurationPlatforms) = preSolution
		Debug|Any CPU = Debug|Any CPU
		Release|Any CPU = Release|Any CPU
	EndGlobalSection
	GlobalSection(ProjectConfigurationPlatforms) = postSolution
		{2184B152-37D5-4EA8-A839-639BF2F509E0}.Debug|Any CPU.ActiveCfg = Debug|Any CPU
		{2184B152-37D5-4EA8-A839-639BF2F509E0}.Debug|Any CPU.Build.0 = Debug|Any CPU
		{2184B152-37D5-4EA8-A839-639BF2F509E0}.Release|Any CPU.ActiveCfg = Release|Any CPU
		{2184B152-37D5-4EA8-A839-639BF2F509E0}.Release|Any CPU.Build.0 = Release|Any CPU
		{F8920AAB-D3FF-4948-A03F-A52DC2C3BD61}.Debug|Any CPU.ActiveCfg = Debug|Any CPU
		{F8920AAB-D3FF-4948-A03F-A52DC2C3BD61}.Debug|Any CPU.Build.0 = Debug|Any CPU
		{F8920AAB-D3FF-4948-A03F-A52DC2C3BD61}.Release|Any CPU.ActiveCfg = Release|Any CPU
		{F8920AAB-D3FF-4948-A03F-A52DC2C3BD61}.Release|Any CPU.Build.0 = Release|Any CPU
		{B6D0F6FA-6C82-4142-8017-8792737CFFD5}.Debug|Any CPU.ActiveCfg = Debug|Any CPU
		{B6D0F6FA-6C82-4142-8017-8792737CFFD5}.Debug|Any CPU.Build.0 = Debug|Any CPU
		{B6D0F6FA-6C82-4142-8017-8792737CFFD5}.Release|Any CPU.ActiveCfg = Release|Any CPU
		{B6D0F6FA-6C82-4142-8017-8792737CFFD5}.Release|Any CPU.Build.0 = Release|Any CPU
		{12692887-966D-49E1-A80B-A5ABA676440C}.Debug|Any CPU.ActiveCfg = Debug|Any CPU
		{12692887-966D-49E1-A80B-A5ABA676440C}.Debug|Any CPU.Build.0 = Debug|Any CPU
		{12692887-966D-49E1-A80B-A5ABA676440C}.Release|Any CPU.ActiveCfg = Release|Any CPU
		{12692887-966D-49E1-A80B-A5ABA676440C}.Release|Any CPU.Build.0 = Release|Any CPU
		{2D672985-871B-4401-8C80-3D30CDDB0378}.Debug|Any CPU.ActiveCfg = Debug|Any CPU
		{2D672985-871B-4401-8C80-3D30CDDB0378}.Debug|Any CPU.Build.0 = Debug|Any CPU
		{2D672985-871B-4401-8C80-3D30CDDB0378}.Release|Any CPU.ActiveCfg = Release|Any CPU
		{2D672985-871B-4401-8C80-3D30CDDB0378}.Release|Any CPU.Build.0 = Release|Any CPU
		{67624A4C-4F10-427C-8F51-814137D37218}.Debug|Any CPU.ActiveCfg = Debug|Any CPU
		{67624A4C-4F10-427C-8F51-814137D37218}.Debug|Any CPU.Build.0 = Debug|Any CPU
		{67624A4C-4F10-427C-8F51-814137D37218}.Release|Any CPU.ActiveCfg = Release|Any CPU
		{67624A4C-4F10-427C-8F51-814137D37218}.Release|Any CPU.Build.0 = Release|Any CPU
		{FCCC71C0-6329-4932-A26F-AA156BC0439C}.Debug|Any CPU.ActiveCfg = Debug|Any CPU
		{FCCC71C0-6329-4932-A26F-AA156BC0439C}.Debug|Any CPU.Build.0 = Debug|Any CPU
		{FCCC71C0-6329-4932-A26F-AA156BC0439C}.Release|Any CPU.ActiveCfg = Release|Any CPU
		{FCCC71C0-6329-4932-A26F-AA156BC0439C}.Release|Any CPU.Build.0 = Release|Any CPU
		{EB000B0F-F642-42B2-801E-27A5866E75FF}.Debug|Any CPU.ActiveCfg = Debug|Any CPU
		{EB000B0F-F642-42B2-801E-27A5866E75FF}.Debug|Any CPU.Build.0 = Debug|Any CPU
		{EB000B0F-F642-42B2-801E-27A5866E75FF}.Release|Any CPU.ActiveCfg = Release|Any CPU
		{EB000B0F-F642-42B2-801E-27A5866E75FF}.Release|Any CPU.Build.0 = Release|Any CPU
		{EE46E9E5-F206-484A-AEA2-6B5C4CC67555}.Debug|Any CPU.ActiveCfg = Debug|Any CPU
		{EE46E9E5-F206-484A-AEA2-6B5C4CC67555}.Debug|Any CPU.Build.0 = Debug|Any CPU
		{EE46E9E5-F206-484A-AEA2-6B5C4CC67555}.Release|Any CPU.ActiveCfg = Release|Any CPU
		{EE46E9E5-F206-484A-AEA2-6B5C4CC67555}.Release|Any CPU.Build.0 = Release|Any CPU
	EndGlobalSection
	GlobalSection(SolutionProperties) = preSolution
		HideSolutionNode = FALSE
	EndGlobalSection
	GlobalSection(NestedProjects) = preSolution
		{2184B152-37D5-4EA8-A839-639BF2F509E0} = {A0BE66DC-E7B7-4CA3-BE79-1949E5867200}
		{F8920AAB-D3FF-4948-A03F-A52DC2C3BD61} = {A0BE66DC-E7B7-4CA3-BE79-1949E5867200}
		{B6D0F6FA-6C82-4142-8017-8792737CFFD5} = {A0BE66DC-E7B7-4CA3-BE79-1949E5867200}
		{12692887-966D-49E1-A80B-A5ABA676440C} = {A0BE66DC-E7B7-4CA3-BE79-1949E5867200}
		{2D672985-871B-4401-8C80-3D30CDDB0378} = {A0BE66DC-E7B7-4CA3-BE79-1949E5867200}
		{67624A4C-4F10-427C-8F51-814137D37218} = {2609E9B7-5D5D-4672-B8D9-38A6663CFCBB}
		{FCCC71C0-6329-4932-A26F-AA156BC0439C} = {DACE7460-F6EE-44D8-BDE1-F516C13FC6BB}
		{EB000B0F-F642-42B2-801E-27A5866E75FF} = {DACE7460-F6EE-44D8-BDE1-F516C13FC6BB}
		{EE46E9E5-F206-484A-AEA2-6B5C4CC67555} = {DACE7460-F6EE-44D8-BDE1-F516C13FC6BB}
	EndGlobalSection
	GlobalSection(ExtensibilityGlobals) = postSolution
		SolutionGuid = {B8FB0E9B-FD90-497E-9E27-5B0708021391}
	EndGlobalSection
EndGlobal
